<?xml version="1.0" encoding="utf-8"?>
<Project ToolsVersion="4.0" xmlns="http://schemas.microsoft.com/developer/msbuild/2003">
  <ItemGroup>
    <Filter Include="Platform">
      <UniqueIdentifier>{2AC788B4-1694-E3BF-3FAD-D1672BD9184E}</UniqueIdentifier>
    </Filter>
    <Filter Include="Platform\DirectX 11">
      <UniqueIdentifier>{0E4B47DE-7AAC-24EC-031A-6B9E6F7A5BAB}</UniqueIdentifier>
    </Filter>
    <Filter Include="Platform\Windows">
      <UniqueIdentifier>{64FBD71A-50F4-F66C-7926-DCF1657ED678}</UniqueIdentifier>
    </Filter>
    <Filter Include="Proton">
      <UniqueIdentifier>{C77AC9CA-B31C-F4A0-9CD7-07F588187BF1}</UniqueIdentifier>
    </Filter>
    <Filter Include="Proton\Events">
      <UniqueIdentifier>{CB60BE80-3721-3AB7-005C-83346CDB7E93}</UniqueIdentifier>
    </Filter>
    <Filter Include="Proton\ImGui">
      <UniqueIdentifier>{31A90A88-1D0C-9A2C-C691-D2E2B2D365AF}</UniqueIdentifier>
    </Filter>
    <Filter Include="Proton\Shader">
      <UniqueIdentifier>{8DE466A0-F9A4-E2D6-C2DF-2B542E5F27B3}</UniqueIdentifier>
    </Filter>
  </ItemGroup>
  <ItemGroup>
    <ClInclude Include="src\Platform\DirectX 11\imgui_impl_dx11.h">
      <Filter>Platform\DirectX 11</Filter>
    </ClInclude>
    <ClInclude Include="src\Platform\DirectX 11\imgui_impl_win32.h">
      <Filter>Platform\DirectX 11</Filter>
    </ClInclude>
    <ClInclude Include="src\Platform\Windows\Camera.h">
      <Filter>Platform\Windows</Filter>
    </ClInclude>
    <ClInclude Include="src\Platform\Windows\WindowsGraphics.h">
      <Filter>Platform\Windows</Filter>
    </ClInclude>
    <ClInclude Include="src\Platform\Windows\WindowsWindow.h">
      <Filter>Platform\Windows</Filter>
    </ClInclude>
    <ClInclude Include="src\Proton.h" />
    <ClInclude Include="src\Proton\Application.h">
      <Filter>Proton</Filter>
    </ClInclude>
    <ClInclude Include="src\Proton\Bindable.h">
      <Filter>Proton</Filter>
    </ClInclude>
    <ClInclude Include="src\Proton\BindableBase.h">
      <Filter>Proton</Filter>
    </ClInclude>
    <ClInclude Include="src\Proton\Box.h">
      <Filter>Proton</Filter>
    </ClInclude>
    <ClInclude Include="src\Proton\Cone.h">
      <Filter>Proton</Filter>
    </ClInclude>
    <ClInclude Include="src\Proton\ConstantBuffer.h">
      <Filter>Proton</Filter>
    </ClInclude>
    <ClInclude Include="src\Proton\Core.h">
      <Filter>Proton</Filter>
    </ClInclude>
    <ClInclude Include="src\Proton\Cube.h">
      <Filter>Proton</Filter>
    </ClInclude>
    <ClInclude Include="src\Proton\Drawable.h">
      <Filter>Proton</Filter>
    </ClInclude>
    <ClInclude Include="src\Proton\DrawableBase.h">
      <Filter>Proton</Filter>
    </ClInclude>
    <ClInclude Include="src\Proton\EntryPoint.h">
      <Filter>Proton</Filter>
    </ClInclude>
    <ClInclude Include="src\Proton\Events\ApplicationEvent.h">
      <Filter>Proton\Events</Filter>
    </ClInclude>
    <ClInclude Include="src\Proton\Events\Event.h">
      <Filter>Proton\Events</Filter>
    </ClInclude>
    <ClInclude Include="src\Proton\Events\KeyEvent.h">
      <Filter>Proton\Events</Filter>
    </ClInclude>
    <ClInclude Include="src\Proton\Events\MouseEvent.h">
      <Filter>Proton\Events</Filter>
    </ClInclude>
    <ClInclude Include="src\Proton\ImGui\ImGuiLayer.h">
      <Filter>Proton\ImGui</Filter>
    </ClInclude>
    <ClInclude Include="src\Proton\IndexBuffer.h">
      <Filter>Proton</Filter>
    </ClInclude>
    <ClInclude Include="src\Proton\IndexedTriangleList.h">
      <Filter>Proton</Filter>
    </ClInclude>
    <ClInclude Include="src\Proton\InputLayout.h">
      <Filter>Proton</Filter>
    </ClInclude>
    <ClInclude Include="src\Proton\Layer.h">
      <Filter>Proton</Filter>
    </ClInclude>
    <ClInclude Include="src\Proton\LayerStack.h">
      <Filter>Proton</Filter>
    </ClInclude>
    <ClInclude Include="src\Proton\Log.h">
      <Filter>Proton</Filter>
    </ClInclude>
    <ClInclude Include="src\Proton\Math.h">
      <Filter>Proton</Filter>
    </ClInclude>
    <ClInclude Include="src\Proton\Melon.h">
      <Filter>Proton</Filter>
    </ClInclude>
    <ClInclude Include="src\Proton\PixelShader.h">
      <Filter>Proton</Filter>
    </ClInclude>
    <ClInclude Include="src\Proton\Plane.h">
      <Filter>Proton</Filter>
    </ClInclude>
    <ClInclude Include="src\Proton\Prism.h">
      <Filter>Proton</Filter>
    </ClInclude>
    <ClInclude Include="src\Proton\Pyramid.h">
      <Filter>Proton</Filter>
    </ClInclude>
    <ClInclude Include="src\Proton\Sampler.h">
      <Filter>Proton</Filter>
    </ClInclude>
    <ClInclude Include="src\Proton\Sheet.h">
      <Filter>Proton</Filter>
    </ClInclude>
    <ClInclude Include="src\Proton\Sphere.h">
      <Filter>Proton</Filter>
    </ClInclude>
    <ClInclude Include="src\Proton\Surface.h">
      <Filter>Proton</Filter>
    </ClInclude>
    <ClInclude Include="src\Proton\Texture.h">
      <Filter>Proton</Filter>
    </ClInclude>
    <ClInclude Include="src\Proton\TextureLoader.h">
      <Filter>Proton</Filter>
    </ClInclude>
    <ClInclude Include="src\Proton\Timer.h">
      <Filter>Proton</Filter>
    </ClInclude>
    <ClInclude Include="src\Proton\Topology.h">
      <Filter>Proton</Filter>
    </ClInclude>
    <ClInclude Include="src\Proton\TransformCBuf.h">
      <Filter>Proton</Filter>
    </ClInclude>
    <ClInclude Include="src\Proton\VertexBuffer.h">
      <Filter>Proton</Filter>
    </ClInclude>
    <ClInclude Include="src\Proton\VertexShader.h">
      <Filter>Proton</Filter>
    </ClInclude>
    <ClInclude Include="src\Proton\Window.h">
      <Filter>Proton</Filter>
    </ClInclude>
    <ClInclude Include="src\ptpch.h" />
  </ItemGroup>
  <ItemGroup>
    <ClCompile Include="src\Platform\DirectX 11\imgui_impl_dx11.cpp">
      <Filter>Platform\DirectX 11</Filter>
    </ClCompile>
    <ClCompile Include="src\Platform\DirectX 11\imgui_impl_win32.cpp">
      <Filter>Platform\DirectX 11</Filter>
    </ClCompile>
    <ClCompile Include="src\Platform\Windows\Camera.cpp">
      <Filter>Platform\Windows</Filter>
    </ClCompile>
    <ClCompile Include="src\Platform\Windows\WindowsGraphics.cpp">
      <Filter>Platform\Windows</Filter>
    </ClCompile>
    <ClCompile Include="src\Platform\Windows\WindowsWindow.cpp">
      <Filter>Platform\Windows</Filter>
    </ClCompile>
    <ClCompile Include="src\Proton\Application.cpp">
      <Filter>Proton</Filter>
    </ClCompile>
    <ClCompile Include="src\Proton\Bindable.cpp">
      <Filter>Proton</Filter>
    </ClCompile>
    <ClCompile Include="src\Proton\Box.cpp">
      <Filter>Proton</Filter>
    </ClCompile>
    <ClCompile Include="src\Proton\Drawable.cpp">
      <Filter>Proton</Filter>
    </ClCompile>
    <ClCompile Include="src\Proton\ImGui\ImGuiLayer.cpp">
      <Filter>Proton\ImGui</Filter>
    </ClCompile>
    <ClCompile Include="src\Proton\IndexBuffer.cpp">
      <Filter>Proton</Filter>
    </ClCompile>
    <ClCompile Include="src\Proton\InputLayout.cpp">
      <Filter>Proton</Filter>
    </ClCompile>
    <ClCompile Include="src\Proton\Layer.cpp">
      <Filter>Proton</Filter>
    </ClCompile>
    <ClCompile Include="src\Proton\LayerStack.cpp">
      <Filter>Proton</Filter>
    </ClCompile>
    <ClCompile Include="src\Proton\Log.cpp">
      <Filter>Proton</Filter>
    </ClCompile>
    <ClCompile Include="src\Proton\Melon.cpp">
      <Filter>Proton</Filter>
    </ClCompile>
    <ClCompile Include="src\Proton\PixelShader.cpp">
      <Filter>Proton</Filter>
    </ClCompile>
    <ClCompile Include="src\Proton\Pyramid.cpp">
      <Filter>Proton</Filter>
    </ClCompile>
    <ClCompile Include="src\Proton\Sampler.cpp">
      <Filter>Proton</Filter>
    </ClCompile>
    <ClCompile Include="src\Proton\Sheet.cpp">
      <Filter>Proton</Filter>
    </ClCompile>
    <ClCompile Include="src\Proton\Surface.cpp">
      <Filter>Proton</Filter>
    </ClCompile>
    <ClCompile Include="src\Proton\Texture.cpp">
      <Filter>Proton</Filter>
    </ClCompile>
    <ClCompile Include="src\Proton\TextureLoader.cpp">
      <Filter>Proton</Filter>
    </ClCompile>
    <ClCompile Include="src\Proton\Timer.cpp">
      <Filter>Proton</Filter>
    </ClCompile>
    <ClCompile Include="src\Proton\Topology.cpp">
      <Filter>Proton</Filter>
    </ClCompile>
    <ClCompile Include="src\Proton\TransformCBuf.cpp">
      <Filter>Proton</Filter>
    </ClCompile>
    <ClCompile Include="src\Proton\VertexBuffer.cpp">
      <Filter>Proton</Filter>
    </ClCompile>
    <ClCompile Include="src\Proton\VertexShader.cpp">
      <Filter>Proton</Filter>
    </ClCompile>
    <ClCompile Include="src\ptpch.cpp" />
  </ItemGroup>
  <ItemGroup>
    <FxCompile Include="src\Proton\Shader\ColorBlendPS.hlsl">
      <Filter>Proton\Shader</Filter>
    </FxCompile>
    <FxCompile Include="src\Proton\Shader\ColorBlendVS.hlsl">
      <Filter>Proton\Shader</Filter>
    </FxCompile>
    <FxCompile Include="src\Proton\Shader\ColorIndexPS.hlsl">
      <Filter>Proton\Shader</Filter>
    </FxCompile>
    <FxCompile Include="src\Proton\Shader\ColorIndexVS.hlsl">
      <Filter>Proton\Shader</Filter>
    </FxCompile>
    <FxCompile Include="src\Proton\Shader\PixelShader.hlsl">
      <Filter>Proton\Shader</Filter>
    </FxCompile>
    <FxCompile Include="src\Proton\Shader\TexturePS.hlsl">
      <Filter>Proton\Shader</Filter>
    </FxCompile>
    <FxCompile Include="src\Proton\Shader\TextureVS.hlsl">
      <Filter>Proton\Shader</Filter>
    </FxCompile>
    <FxCompile Include="src\Proton\Shader\VertexShader.hlsl">
      <Filter>Proton\Shader</Filter>
    </FxCompile>
  </ItemGroup>
</Project>