<?xml version="1.0" encoding="utf-8"?>
<Project ToolsVersion="4.0" xmlns="http://schemas.microsoft.com/developer/msbuild/2003">
  <ItemGroup>
    <Filter Include="Platform">
      <UniqueIdentifier>{2AC788B4-1694-E3BF-3FAD-D1672BD9184E}</UniqueIdentifier>
    </Filter>
    <Filter Include="Platform\DirectX 11">
      <UniqueIdentifier>{0E4B47DE-7AAC-24EC-031A-6B9E6F7A5BAB}</UniqueIdentifier>
    </Filter>
    <Filter Include="Platform\Windows">
      <UniqueIdentifier>{64FBD71A-50F4-F66C-7926-DCF1657ED678}</UniqueIdentifier>
    </Filter>
    <Filter Include="Proton">
      <UniqueIdentifier>{C77AC9CA-B31C-F4A0-9CD7-07F588187BF1}</UniqueIdentifier>
    </Filter>
    <Filter Include="Proton\Core">
      <UniqueIdentifier>{7F737159-EB28-EA4E-741D-E425E0D1E052}</UniqueIdentifier>
    </Filter>
    <Filter Include="Proton\Debug">
      <UniqueIdentifier>{7D3EAC87-69A1-3B2C-1227-74E2FE6807AF}</UniqueIdentifier>
    </Filter>
    <Filter Include="Proton\Events">
      <UniqueIdentifier>{CB60BE80-3721-3AB7-005C-83346CDB7E93}</UniqueIdentifier>
    </Filter>
    <Filter Include="Proton\ImGui">
      <UniqueIdentifier>{31A90A88-1D0C-9A2C-C691-D2E2B2D365AF}</UniqueIdentifier>
    </Filter>
    <Filter Include="Proton\Model">
      <UniqueIdentifier>{479D5488-3300-E42C-DC85-1CE3C8C7AFAF}</UniqueIdentifier>
    </Filter>
    <Filter Include="Proton\Renderer">
      <UniqueIdentifier>{4DCED4A0-B959-4265-C26A-C5592E759E65}</UniqueIdentifier>
    </Filter>
    <Filter Include="Proton\Renderer\Old">
      <UniqueIdentifier>{FB501880-67B2-F58D-F01F-3C405C802C4D}</UniqueIdentifier>
    </Filter>
    <Filter Include="Proton\Scene">
      <UniqueIdentifier>{24A1BA88-1004-4A2D-B989-82E3A5CB15B0}</UniqueIdentifier>
    </Filter>
    <Filter Include="Proton\Shader">
      <UniqueIdentifier>{8DE466A0-F9A4-E2D6-C2DF-2B542E5F27B3}</UniqueIdentifier>
    </Filter>
    <Filter Include="Proton\Shader\Includes">
      <UniqueIdentifier>{53CD30DA-3FC7-592C-2834-F03C14CDBF98}</UniqueIdentifier>
    </Filter>
  </ItemGroup>
  <ItemGroup>
    <ClInclude Include="src\Platform\DirectX 11\DirectXBuffer.h">
      <Filter>Platform\DirectX 11</Filter>
    </ClInclude>
    <ClInclude Include="src\Platform\DirectX 11\DirectXFramebuffer.h">
      <Filter>Platform\DirectX 11</Filter>
    </ClInclude>
    <ClInclude Include="src\Platform\DirectX 11\DirectXRendererAPI.h">
      <Filter>Platform\DirectX 11</Filter>
    </ClInclude>
    <ClInclude Include="src\Platform\DirectX 11\DirectXSampler.h">
      <Filter>Platform\DirectX 11</Filter>
    </ClInclude>
    <ClInclude Include="src\Platform\DirectX 11\DirectXShader.h">
      <Filter>Platform\DirectX 11</Filter>
    </ClInclude>
    <ClInclude Include="src\Platform\DirectX 11\DirectXTexture.h">
      <Filter>Platform\DirectX 11</Filter>
    </ClInclude>
    <ClInclude Include="src\Platform\DirectX 11\imgui_impl_dx11.h">
      <Filter>Platform\DirectX 11</Filter>
    </ClInclude>
    <ClInclude Include="src\Platform\DirectX 11\imgui_impl_win32.h">
      <Filter>Platform\DirectX 11</Filter>
    </ClInclude>
    <ClInclude Include="src\Platform\Windows\WindowsInput.h">
      <Filter>Platform\Windows</Filter>
    </ClInclude>
    <ClInclude Include="src\Platform\Windows\WindowsWindow.h">
      <Filter>Platform\Windows</Filter>
    </ClInclude>
    <ClInclude Include="src\Proton.h" />
    <ClInclude Include="src\Proton\Core\Application.h">
      <Filter>Proton\Core</Filter>
    </ClInclude>
    <ClInclude Include="src\Proton\Core\Base.h">
      <Filter>Proton\Core</Filter>
    </ClInclude>
    <ClInclude Include="src\Proton\Core\Core.h">
      <Filter>Proton\Core</Filter>
    </ClInclude>
    <ClInclude Include="src\Proton\Core\EntryPoint.h">
      <Filter>Proton\Core</Filter>
    </ClInclude>
    <ClInclude Include="src\Proton\Core\Input.h">
      <Filter>Proton\Core</Filter>
    </ClInclude>
    <ClInclude Include="src\Proton\Core\KeyCodes.h">
      <Filter>Proton\Core</Filter>
    </ClInclude>
    <ClInclude Include="src\Proton\Core\Layer.h">
      <Filter>Proton\Core</Filter>
    </ClInclude>
    <ClInclude Include="src\Proton\Core\LayerStack.h">
      <Filter>Proton\Core</Filter>
    </ClInclude>
    <ClInclude Include="src\Proton\Core\Log.h">
      <Filter>Proton\Core</Filter>
    </ClInclude>
    <ClInclude Include="src\Proton\Core\Math.h">
      <Filter>Proton\Core</Filter>
    </ClInclude>
    <ClInclude Include="src\Proton\Core\MouseButtonCodes.h">
      <Filter>Proton\Core</Filter>
    </ClInclude>
    <ClInclude Include="src\Proton\Core\TimeStep.h">
      <Filter>Proton\Core</Filter>
    </ClInclude>
    <ClInclude Include="src\Proton\Core\Window.h">
      <Filter>Proton\Core</Filter>
    </ClInclude>
    <ClInclude Include="src\Proton\Debug\Instrumentation.h">
      <Filter>Proton\Debug</Filter>
    </ClInclude>
    <ClInclude Include="src\Proton\Debug\ProfileLayer.h">
      <Filter>Proton\Debug</Filter>
    </ClInclude>
    <ClInclude Include="src\Proton\Events\ApplicationEvent.h">
      <Filter>Proton\Events</Filter>
    </ClInclude>
    <ClInclude Include="src\Proton\Events\Event.h">
      <Filter>Proton\Events</Filter>
    </ClInclude>
    <ClInclude Include="src\Proton\Events\KeyEvent.h">
      <Filter>Proton\Events</Filter>
    </ClInclude>
    <ClInclude Include="src\Proton\Events\MouseEvent.h">
      <Filter>Proton\Events</Filter>
    </ClInclude>
    <ClInclude Include="src\Proton\ImGui\ImGuiLayer.h">
      <Filter>Proton\ImGui</Filter>
    </ClInclude>
    <ClInclude Include="src\Proton\Model\Model.h">
      <Filter>Proton\Model</Filter>
    </ClInclude>
    <ClInclude Include="src\Proton\Renderer\Camera.h">
      <Filter>Proton\Renderer</Filter>
    </ClInclude>
    <ClInclude Include="src\Proton\Renderer\Framebuffer.h">
      <Filter>Proton\Renderer</Filter>
    </ClInclude>
    <ClInclude Include="src\Proton\Renderer\RenderCommand.h">
      <Filter>Proton\Renderer</Filter>
    </ClInclude>
    <ClInclude Include="src\Proton\Renderer\Renderer.h">
      <Filter>Proton\Renderer</Filter>
    </ClInclude>
    <ClInclude Include="src\Proton\Renderer\RendererAPI.h">
      <Filter>Proton\Renderer</Filter>
    </ClInclude>
    <ClInclude Include="src\Proton\Scene\AssetLoader.h">
      <Filter>Proton\Scene</Filter>
    </ClInclude>
    <ClInclude Include="src\Proton\Scene\AssetManager.h">
      <Filter>Proton\Scene</Filter>
    </ClInclude>
    <ClInclude Include="src\Proton\Scene\Components.h">
      <Filter>Proton\Scene</Filter>
    </ClInclude>
    <ClInclude Include="src\Proton\Scene\Entity.h">
      <Filter>Proton\Scene</Filter>
    </ClInclude>
    <ClInclude Include="src\Proton\Scene\ModelCollection.h">
      <Filter>Proton\Scene</Filter>
    </ClInclude>
    <ClInclude Include="src\Proton\Scene\Scene.h">
      <Filter>Proton\Scene</Filter>
    </ClInclude>
    <ClInclude Include="src\Proton\Scene\SceneCamera.h">
      <Filter>Proton\Scene</Filter>
    </ClInclude>
    <ClInclude Include="src\Proton\Scene\SceneSerializer.h">
      <Filter>Proton\Scene</Filter>
    </ClInclude>
    <ClInclude Include="src\Proton\Scene\ScriptableEntity.h">
      <Filter>Proton\Scene</Filter>
    </ClInclude>
    <ClInclude Include="src\ptpch.h" />
    <ClInclude Include="src\Proton\Shader Translator\ShaderParser.h" />
    <ClInclude Include="src\Proton\Utils\PlatformUtils.h" />
    <ClInclude Include="src\Proton\Renderer\Bindables\Bindable.h" />
    <ClInclude Include="src\Proton\Renderer\Bindables\BindsCollection.h">
      <Filter>Proton\Renderer</Filter>
    </ClInclude>
    <ClInclude Include="src\Proton\Renderer\Bindables\Buffer.h">
      <Filter>Proton\Renderer</Filter>
    </ClInclude>
    <ClInclude Include="src\Proton\Renderer\Bindables\Sampler.h">
      <Filter>Proton\Renderer</Filter>
    </ClInclude>
    <ClInclude Include="src\Proton\Renderer\Bindables\Shader.h">
      <Filter>Proton\Renderer</Filter>
    </ClInclude>
    <ClInclude Include="src\Proton\Renderer\Bindables\Texture.h">
      <Filter>Proton\Renderer</Filter>
    </ClInclude>
    <ClInclude Include="src\Proton\Renderer\SceneRenderer.h" />
    <ClInclude Include="src\Proton\Math\Math.h" />
  </ItemGroup>
  <ItemGroup>
    <ClCompile Include="src\Platform\DirectX 11\DirectXBuffer.cpp">
      <Filter>Platform\DirectX 11</Filter>
    </ClCompile>
    <ClCompile Include="src\Platform\DirectX 11\DirectXFramebuffer.cpp">
      <Filter>Platform\DirectX 11</Filter>
    </ClCompile>
    <ClCompile Include="src\Platform\DirectX 11\DirectXRendererAPI.cpp">
      <Filter>Platform\DirectX 11</Filter>
    </ClCompile>
    <ClCompile Include="src\Platform\DirectX 11\DirectXSampler.cpp">
      <Filter>Platform\DirectX 11</Filter>
    </ClCompile>
    <ClCompile Include="src\Platform\DirectX 11\DirectXShader.cpp">
      <Filter>Platform\DirectX 11</Filter>
    </ClCompile>
    <ClCompile Include="src\Platform\DirectX 11\DirectXTexture.cpp">
      <Filter>Platform\DirectX 11</Filter>
    </ClCompile>
    <ClCompile Include="src\Platform\DirectX 11\imgui_impl_dx11.cpp">
      <Filter>Platform\DirectX 11</Filter>
    </ClCompile>
    <ClCompile Include="src\Platform\DirectX 11\imgui_impl_win32.cpp">
      <Filter>Platform\DirectX 11</Filter>
    </ClCompile>
    <ClCompile Include="src\Platform\Windows\WindowsInput.cpp">
      <Filter>Platform\Windows</Filter>
    </ClCompile>
    <ClCompile Include="src\Platform\Windows\WindowsWindow.cpp">
      <Filter>Platform\Windows</Filter>
    </ClCompile>
    <ClCompile Include="src\Proton\Core\Application.cpp">
      <Filter>Proton\Core</Filter>
    </ClCompile>
    <ClCompile Include="src\Proton\Core\Layer.cpp">
      <Filter>Proton\Core</Filter>
    </ClCompile>
    <ClCompile Include="src\Proton\Core\LayerStack.cpp">
      <Filter>Proton\Core</Filter>
    </ClCompile>
    <ClCompile Include="src\Proton\Core\Log.cpp">
      <Filter>Proton\Core</Filter>
    </ClCompile>
    <ClCompile Include="src\Proton\Debug\ProfileLayer.cpp">
      <Filter>Proton\Debug</Filter>
    </ClCompile>
    <ClCompile Include="src\Proton\ImGui\ImGuiBuild.cpp">
      <Filter>Proton\ImGui</Filter>
    </ClCompile>
    <ClCompile Include="src\Proton\ImGui\ImGuiLayer.cpp">
      <Filter>Proton\ImGui</Filter>
    </ClCompile>
    <ClCompile Include="src\Proton\Model\Model.cpp">
      <Filter>Proton\Model</Filter>
    </ClCompile>
    <ClCompile Include="src\Proton\Renderer\Framebuffer.cpp">
      <Filter>Proton\Renderer</Filter>
    </ClCompile>
    <ClCompile Include="src\Proton\Renderer\RenderCommand.cpp">
      <Filter>Proton\Renderer</Filter>
    </ClCompile>
    <ClCompile Include="src\Proton\Renderer\Renderer.cpp">
      <Filter>Proton\Renderer</Filter>
    </ClCompile>
    <ClCompile Include="src\Proton\Renderer\RendererAPI.cpp">
      <Filter>Proton\Renderer</Filter>
    </ClCompile>
    <ClCompile Include="src\Proton\Scene\AssetLoader.cpp">
      <Filter>Proton\Scene</Filter>
    </ClCompile>
    <ClCompile Include="src\Proton\Scene\AssetManager.cpp">
      <Filter>Proton\Scene</Filter>
    </ClCompile>
    <ClCompile Include="src\Proton\Scene\Entity.cpp">
      <Filter>Proton\Scene</Filter>
    </ClCompile>
    <ClCompile Include="src\Proton\Scene\Scene.cpp">
      <Filter>Proton\Scene</Filter>
    </ClCompile>
    <ClCompile Include="src\Proton\Scene\SceneCamera.cpp">
      <Filter>Proton\Scene</Filter>
    </ClCompile>
    <ClCompile Include="src\Proton\Scene\SceneSerializer.cpp">
      <Filter>Proton\Scene</Filter>
    </ClCompile>
    <ClCompile Include="src\ptpch.cpp" />
    <ClCompile Include="src\Proton\Shader Translator\ShaderParser.cpp" />
    <ClCompile Include="src\Platform\Windows\WindowsPlatformUtils.cpp" />
    <ClCompile Include="src\Proton\Renderer\Bindables\Buffer.cpp">
      <Filter>Proton\Renderer</Filter>
    </ClCompile>
    <ClCompile Include="src\Proton\Renderer\Bindables\Sampler.cpp">
      <Filter>Proton\Renderer</Filter>
    </ClCompile>
    <ClCompile Include="src\Proton\Renderer\Bindables\Shader.cpp">
      <Filter>Proton\Renderer</Filter>
    </ClCompile>
    <ClCompile Include="src\Proton\Renderer\Bindables\Texture.cpp">
      <Filter>Proton\Renderer</Filter>
    </ClCompile>
    <ClCompile Include="src\Proton\Renderer\SceneRenderer.cpp" />
  </ItemGroup>
  <ItemGroup>
    <FxCompile Include="src\Proton\Shader\Includes\LightVectorData.hlsl">
      <Filter>Proton\Shader\Includes</Filter>
    </FxCompile>
    <FxCompile Include="src\Proton\Shader\Includes\PointLight.hlsl">
      <Filter>Proton\Shader\Includes</Filter>
    </FxCompile>
    <FxCompile Include="src\Proton\Shader\Includes\ShaderUtils.hlsl">
      <Filter>Proton\Shader\Includes</Filter>
    </FxCompile>
    <FxCompile Include="src\Proton\Shader\PhongNoTexPS.hlsl">
      <Filter>Proton\Shader</Filter>
    </FxCompile>
    <FxCompile Include="src\Proton\Shader\PhongNoTexVS.hlsl">
      <Filter>Proton\Shader</Filter>
    </FxCompile>
    <FxCompile Include="src\Proton\Shader\PhongNormalMapPS.hlsl">
      <Filter>Proton\Shader</Filter>
    </FxCompile>
    <FxCompile Include="src\Proton\Shader\PhongNormalMapSpecPS.hlsl">
      <Filter>Proton\Shader</Filter>
    </FxCompile>
    <FxCompile Include="src\Proton\Shader\PhongNormalMapVS.hlsl">
      <Filter>Proton\Shader</Filter>
    </FxCompile>
    <FxCompile Include="src\Proton\Shader\PhongPS.hlsl">
      <Filter>Proton\Shader</Filter>
    </FxCompile>
    <FxCompile Include="src\Proton\Shader\PhongSpecularPS.hlsl">
      <Filter>Proton\Shader</Filter>
    </FxCompile>
    <FxCompile Include="src\Proton\Shader\PhongVS.hlsl">
      <Filter>Proton\Shader</Filter>
    </FxCompile>
    <FxCompile Include="src\Proton\Shader\DebugVS.hlsl" />
    <FxCompile Include="src\Proton\Shader\DebugPS.hlsl" />
  </ItemGroup>
</Project>