<?xml version="1.0" encoding="utf-8"?>
<Project ToolsVersion="4.0" xmlns="http://schemas.microsoft.com/developer/msbuild/2003">
  <ItemGroup>
    <Filter Include="Platform">
      <UniqueIdentifier>{2AC788B4-1694-E3BF-3FAD-D1672BD9184E}</UniqueIdentifier>
    </Filter>
    <Filter Include="Platform\Windows">
      <UniqueIdentifier>{64FBD71A-50F4-F66C-7926-DCF1657ED678}</UniqueIdentifier>
    </Filter>
    <Filter Include="Proton">
      <UniqueIdentifier>{C77AC9CA-B31C-F4A0-9CD7-07F588187BF1}</UniqueIdentifier>
    </Filter>
    <Filter Include="Proton\Events">
      <UniqueIdentifier>{CB60BE80-3721-3AB7-005C-83346CDB7E93}</UniqueIdentifier>
    </Filter>
  </ItemGroup>
  <ItemGroup>
    <ClInclude Include="src\Platform\Windows\WindowsWindow.h">
      <Filter>Platform\Windows</Filter>
    </ClInclude>
    <ClInclude Include="src\Proton.h" />
    <ClInclude Include="src\Proton\Application.h">
      <Filter>Proton</Filter>
    </ClInclude>
    <ClInclude Include="src\Proton\Core.h">
      <Filter>Proton</Filter>
    </ClInclude>
    <ClInclude Include="src\Proton\EntryPoint.h">
      <Filter>Proton</Filter>
    </ClInclude>
    <ClInclude Include="src\Proton\Events\ApplicationEvent.h">
      <Filter>Proton\Events</Filter>
    </ClInclude>
    <ClInclude Include="src\Proton\Events\Event.h">
      <Filter>Proton\Events</Filter>
    </ClInclude>
    <ClInclude Include="src\Proton\Events\KeyEvent.h">
      <Filter>Proton\Events</Filter>
    </ClInclude>
    <ClInclude Include="src\Proton\Events\MouseEvent.h">
      <Filter>Proton\Events</Filter>
    </ClInclude>
    <ClInclude Include="src\Proton\Layer.h">
      <Filter>Proton</Filter>
    </ClInclude>
    <ClInclude Include="src\Proton\LayerStack.h">
      <Filter>Proton</Filter>
    </ClInclude>
    <ClInclude Include="src\Proton\Log.h">
      <Filter>Proton</Filter>
    </ClInclude>
    <ClInclude Include="src\Proton\Window.h">
      <Filter>Proton</Filter>
    </ClInclude>
    <ClInclude Include="src\ptpch.h" />
    <ClInclude Include="src\Proton\Timer.h" />
    <ClInclude Include="src\Platform\Windows\WindowsGraphics.h" />
    <ClInclude Include="src\Proton\Geometry\IndexedTriangleList.h" />
    <ClInclude Include="src\Proton\Geometry\Cube.h" />
    <ClInclude Include="src\Proton\Geometry\Cone.h" />
    <ClInclude Include="src\Proton\Math.h" />
    <ClInclude Include="src\Proton\Geometry\Plane.h" />
    <ClInclude Include="src\Proton\Geometry\Prism.h" />
    <ClInclude Include="src\Proton\Geometry\Sphere.h" />
    <ClInclude Include="src\Proton\Drawable\Box.h" />
    <ClInclude Include="src\Proton\Drawable\Drawable.h" />
    <ClInclude Include="src\Proton\Drawable\DrawableBase.h" />
    <ClInclude Include="src\Proton\Drawable\Melon.h" />
    <ClInclude Include="src\Proton\Drawable\Pyramid.h" />
    <ClInclude Include="src\Proton\Bindable\Bindable.h" />
    <ClInclude Include="src\Proton\Bindable\BindableBase.h" />
    <ClInclude Include="src\Proton\Bindable\ConstantBuffer.h" />
    <ClInclude Include="src\Proton\Bindable\IndexBuffer.h" />
    <ClInclude Include="src\Proton\Bindable\InputLayout.h" />
    <ClInclude Include="src\Proton\Bindable\PixelShader.h" />
    <ClInclude Include="src\Proton\Bindable\Topology.h" />
    <ClInclude Include="src\Proton\Bindable\TransformCBuf.h" />
    <ClInclude Include="src\Proton\Bindable\VertexBuffer.h" />
    <ClInclude Include="src\Proton\Bindable\VertexShader.h" />
  </ItemGroup>
  <ItemGroup>
    <ClCompile Include="src\Platform\Windows\WindowsWindow.cpp">
      <Filter>Platform\Windows</Filter>
    </ClCompile>
    <ClCompile Include="src\Proton\Application.cpp">
      <Filter>Proton</Filter>
    </ClCompile>
    <ClCompile Include="src\Proton\Layer.cpp">
      <Filter>Proton</Filter>
    </ClCompile>
    <ClCompile Include="src\Proton\LayerStack.cpp">
      <Filter>Proton</Filter>
    </ClCompile>
    <ClCompile Include="src\Proton\Log.cpp">
      <Filter>Proton</Filter>
    </ClCompile>
    <ClCompile Include="src\ptpch.cpp" />
    <ClCompile Include="src\Proton\Timer.cpp" />
    <ClCompile Include="src\Platform\Windows\WindowsGraphics.cpp" />
    <ClCompile Include="src\Proton\Drawable\Box.cpp" />
    <ClCompile Include="src\Proton\Drawable\Drawable.cpp" />
    <ClCompile Include="src\Proton\Drawable\Melon.cpp" />
    <ClCompile Include="src\Proton\Drawable\Pyramid.cpp" />
    <ClCompile Include="src\Proton\Bindable\Bindable.cpp" />
    <ClCompile Include="src\Proton\Bindable\IndexBuffer.cpp" />
    <ClCompile Include="src\Proton\Bindable\InputLayout.cpp" />
    <ClCompile Include="src\Proton\Bindable\PixelShader.cpp" />
    <ClCompile Include="src\Proton\Bindable\Topology.cpp" />
    <ClCompile Include="src\Proton\Bindable\TransformCBuf.cpp" />
    <ClCompile Include="src\Proton\Bindable\VertexBuffer.cpp" />
    <ClCompile Include="src\Proton\Bindable\VertexShader.cpp" />
  </ItemGroup>
  <ItemGroup>
    <FxCompile Include="src\Proton\Shader\VertexShader.hlsl" />
    <FxCompile Include="src\Proton\Shader\PixelShader.hlsl" />
    <FxCompile Include="src\Proton\Shader\ColorBlendPS.hlsl" />
    <FxCompile Include="src\Proton\Shader\ColorBlendVS.hlsl" />
    <FxCompile Include="src\Proton\Shader\ColorIndexVS.hlsl" />
    <FxCompile Include="src\Proton\Shader\ColorIndexPS.hlsl" />
  </ItemGroup>
</Project>